// !$*UTF8*$!
{
	archiveVersion = 1;
	classes = {
	};
	objectVersion = 52;
	objects = {

/* Begin PBXBuildFile section */
		CD73D805291452AB251EFEBE /* Pods_FlashCards_Remade.framework in Frameworks */ = {isa = PBXBuildFile; fileRef = 1852EE6B5E8B8DD1F4DE7DDC /* Pods_FlashCards_Remade.framework */; };
		EA1067152673D12B0071C491 /* BreakTimerViewController.swift in Sources */ = {isa = PBXBuildFile; fileRef = EA1067142673D12B0071C491 /* BreakTimerViewController.swift */; };
		EA1067182673E4200071C491 /* Style.swift in Sources */ = {isa = PBXBuildFile; fileRef = EA1067172673E4200071C491 /* Style.swift */; };
		EA20BCFA26750AB80057705D /* PostFeedViewController.swift in Sources */ = {isa = PBXBuildFile; fileRef = EA20BCF926750AB80057705D /* PostFeedViewController.swift */; };
		EA870A55266E8F5B005809AD /* Post.swift in Sources */ = {isa = PBXBuildFile; fileRef = EA870A54266E8F5B005809AD /* Post.swift */; };
		EA870A58266E8FAE005809AD /* PostController.swift in Sources */ = {isa = PBXBuildFile; fileRef = EA870A57266E8FAE005809AD /* PostController.swift */; };
		EA870A5B266E9625005809AD /* PostError.swift in Sources */ = {isa = PBXBuildFile; fileRef = EA870A5A266E9625005809AD /* PostError.swift */; };
		EA870A5F266E9931005809AD /* Subreddit.swift in Sources */ = {isa = PBXBuildFile; fileRef = EA870A5E266E9931005809AD /* Subreddit.swift */; };
		EA870A62266EAAB3005809AD /* SubredditTableViewCell.swift in Sources */ = {isa = PBXBuildFile; fileRef = EA870A61266EAAB3005809AD /* SubredditTableViewCell.swift */; };
		EA870A76266EDE70005809AD /* SubredditTableViewController.swift in Sources */ = {isa = PBXBuildFile; fileRef = EA870A75266EDE70005809AD /* SubredditTableViewController.swift */; };
		EAB20C37266811FD0056C97D /* AppDelegate.swift in Sources */ = {isa = PBXBuildFile; fileRef = EAB20C36266811FD0056C97D /* AppDelegate.swift */; };
		EAB20C39266811FD0056C97D /* SceneDelegate.swift in Sources */ = {isa = PBXBuildFile; fileRef = EAB20C38266811FD0056C97D /* SceneDelegate.swift */; };
		EAB20C3E266811FD0056C97D /* Main.storyboard in Resources */ = {isa = PBXBuildFile; fileRef = EAB20C3C266811FD0056C97D /* Main.storyboard */; };
		EAB20C40266811FF0056C97D /* Assets.xcassets in Resources */ = {isa = PBXBuildFile; fileRef = EAB20C3F266811FF0056C97D /* Assets.xcassets */; };
		EAB20C43266811FF0056C97D /* LaunchScreen.storyboard in Resources */ = {isa = PBXBuildFile; fileRef = EAB20C41266811FF0056C97D /* LaunchScreen.storyboard */; };
		EAB20C5E266813A40056C97D /* Card.swift in Sources */ = {isa = PBXBuildFile; fileRef = EAB20C5D266813A40056C97D /* Card.swift */; };
		EAB20C64266818000056C97D /* CardController.swift in Sources */ = {isa = PBXBuildFile; fileRef = EAB20C63266818000056C97D /* CardController.swift */; };
		EAB20C6926681C650056C97D /* CardError.swift in Sources */ = {isa = PBXBuildFile; fileRef = EAB20C6826681C650056C97D /* CardError.swift */; };
		EAB20C6D266822A50056C97D /* CreateCardsViewController.swift in Sources */ = {isa = PBXBuildFile; fileRef = EAB20C6C266822A50056C97D /* CreateCardsViewController.swift */; };
		EAB20C7526682D440056C97D /* DeckListTableViewController.swift in Sources */ = {isa = PBXBuildFile; fileRef = EAB20C7426682D440056C97D /* DeckListTableViewController.swift */; };
		EAB20C7B26682D7E0056C97D /* FlashCardViewController.swift in Sources */ = {isa = PBXBuildFile; fileRef = EAB20C7A26682D7E0056C97D /* FlashCardViewController.swift */; };
		EAB20C83266941270056C97D /* DeckNameTableViewCell.swift in Sources */ = {isa = PBXBuildFile; fileRef = EAB20C82266941270056C97D /* DeckNameTableViewCell.swift */; };
		EAB5C49F26718F510031E716 /* PostTableViewCell.swift in Sources */ = {isa = PBXBuildFile; fileRef = EAB5C49E26718F510031E716 /* PostTableViewCell.swift */; };
		EAB5C4A326726F9D0031E716 /* SubredditController.swift in Sources */ = {isa = PBXBuildFile; fileRef = EAB5C4A226726F9D0031E716 /* SubredditController.swift */; };
		EAB5C4A82672AD880031E716 /* TimerTableViewController.swift in Sources */ = {isa = PBXBuildFile; fileRef = EAB5C4A72672AD870031E716 /* TimerTableViewController.swift */; };
		EAB7265E26AA072000C68F25 /* CloudKit.framework in Frameworks */ = {isa = PBXBuildFile; fileRef = EAB20C4D2668121C0056C97D /* CloudKit.framework */; };
		EABB0C562827655E00B22FC4 /* FeedTableViewController.swift in Sources */ = {isa = PBXBuildFile; fileRef = EABB0C552827655E00B22FC4 /* FeedTableViewController.swift */; };
		EABB0C5A282769DC00B22FC4 /* FeedTableViewCell.swift in Sources */ = {isa = PBXBuildFile; fileRef = EABB0C59282769DC00B22FC4 /* FeedTableViewCell.swift */; };
		EAC3B1D7282DDC8000204C7C /* Algorithms in Frameworks */ = {isa = PBXBuildFile; productRef = EAC3B1D6282DDC8000204C7C /* Algorithms */; };
/* End PBXBuildFile section */

/* Begin PBXFileReference section */
		10F345E16FB6C165A63CFC5B /* Pods-FlashCards_Remade.release.xcconfig */ = {isa = PBXFileReference; includeInIndex = 1; lastKnownFileType = text.xcconfig; name = "Pods-FlashCards_Remade.release.xcconfig"; path = "Target Support Files/Pods-FlashCards_Remade/Pods-FlashCards_Remade.release.xcconfig"; sourceTree = "<group>"; };
		1852EE6B5E8B8DD1F4DE7DDC /* Pods_FlashCards_Remade.framework */ = {isa = PBXFileReference; explicitFileType = wrapper.framework; includeInIndex = 0; path = Pods_FlashCards_Remade.framework; sourceTree = BUILT_PRODUCTS_DIR; };
		D5D6E4AE86E3BDC3AD43C3D4 /* Pods-FlashCards_Remade.debug.xcconfig */ = {isa = PBXFileReference; includeInIndex = 1; lastKnownFileType = text.xcconfig; name = "Pods-FlashCards_Remade.debug.xcconfig"; path = "Target Support Files/Pods-FlashCards_Remade/Pods-FlashCards_Remade.debug.xcconfig"; sourceTree = "<group>"; };
		EA1067142673D12B0071C491 /* BreakTimerViewController.swift */ = {isa = PBXFileReference; lastKnownFileType = sourcecode.swift; path = BreakTimerViewController.swift; sourceTree = "<group>"; };
		EA1067172673E4200071C491 /* Style.swift */ = {isa = PBXFileReference; lastKnownFileType = sourcecode.swift; path = Style.swift; sourceTree = "<group>"; };
		EA20BCF926750AB80057705D /* PostFeedViewController.swift */ = {isa = PBXFileReference; lastKnownFileType = sourcecode.swift; path = PostFeedViewController.swift; sourceTree = "<group>"; };
		EA870A54266E8F5B005809AD /* Post.swift */ = {isa = PBXFileReference; lastKnownFileType = sourcecode.swift; path = Post.swift; sourceTree = "<group>"; };
		EA870A57266E8FAE005809AD /* PostController.swift */ = {isa = PBXFileReference; lastKnownFileType = sourcecode.swift; path = PostController.swift; sourceTree = "<group>"; };
		EA870A5A266E9625005809AD /* PostError.swift */ = {isa = PBXFileReference; lastKnownFileType = sourcecode.swift; path = PostError.swift; sourceTree = "<group>"; };
		EA870A5E266E9931005809AD /* Subreddit.swift */ = {isa = PBXFileReference; lastKnownFileType = sourcecode.swift; path = Subreddit.swift; sourceTree = "<group>"; };
		EA870A61266EAAB3005809AD /* SubredditTableViewCell.swift */ = {isa = PBXFileReference; lastKnownFileType = sourcecode.swift; path = SubredditTableViewCell.swift; sourceTree = "<group>"; };
		EA870A75266EDE70005809AD /* SubredditTableViewController.swift */ = {isa = PBXFileReference; lastKnownFileType = sourcecode.swift; path = SubredditTableViewController.swift; sourceTree = "<group>"; };
		EAB20C33266811FD0056C97D /* FlashCards_Remade.app */ = {isa = PBXFileReference; explicitFileType = wrapper.application; includeInIndex = 0; path = FlashCards_Remade.app; sourceTree = BUILT_PRODUCTS_DIR; };
		EAB20C36266811FD0056C97D /* AppDelegate.swift */ = {isa = PBXFileReference; lastKnownFileType = sourcecode.swift; path = AppDelegate.swift; sourceTree = "<group>"; };
		EAB20C38266811FD0056C97D /* SceneDelegate.swift */ = {isa = PBXFileReference; lastKnownFileType = sourcecode.swift; path = SceneDelegate.swift; sourceTree = "<group>"; };
		EAB20C3D266811FD0056C97D /* Base */ = {isa = PBXFileReference; lastKnownFileType = file.storyboard; name = Base; path = Base.lproj/Main.storyboard; sourceTree = "<group>"; };
		EAB20C3F266811FF0056C97D /* Assets.xcassets */ = {isa = PBXFileReference; lastKnownFileType = folder.assetcatalog; path = Assets.xcassets; sourceTree = "<group>"; };
		EAB20C42266811FF0056C97D /* Base */ = {isa = PBXFileReference; lastKnownFileType = file.storyboard; name = Base; path = Base.lproj/LaunchScreen.storyboard; sourceTree = "<group>"; };
		EAB20C44266811FF0056C97D /* Info.plist */ = {isa = PBXFileReference; lastKnownFileType = text.plist.xml; path = Info.plist; sourceTree = "<group>"; };
		EAB20C4D2668121C0056C97D /* CloudKit.framework */ = {isa = PBXFileReference; lastKnownFileType = wrapper.framework; name = CloudKit.framework; path = System/Library/Frameworks/CloudKit.framework; sourceTree = SDKROOT; };
		EAB20C5D266813A40056C97D /* Card.swift */ = {isa = PBXFileReference; lastKnownFileType = sourcecode.swift; path = Card.swift; sourceTree = "<group>"; };
		EAB20C63266818000056C97D /* CardController.swift */ = {isa = PBXFileReference; lastKnownFileType = sourcecode.swift; path = CardController.swift; sourceTree = "<group>"; };
		EAB20C6826681C650056C97D /* CardError.swift */ = {isa = PBXFileReference; lastKnownFileType = sourcecode.swift; path = CardError.swift; sourceTree = "<group>"; };
		EAB20C6C266822A50056C97D /* CreateCardsViewController.swift */ = {isa = PBXFileReference; lastKnownFileType = sourcecode.swift; path = CreateCardsViewController.swift; sourceTree = "<group>"; };
		EAB20C7426682D440056C97D /* DeckListTableViewController.swift */ = {isa = PBXFileReference; lastKnownFileType = sourcecode.swift; path = DeckListTableViewController.swift; sourceTree = "<group>"; };
		EAB20C7A26682D7E0056C97D /* FlashCardViewController.swift */ = {isa = PBXFileReference; lastKnownFileType = sourcecode.swift; path = FlashCardViewController.swift; sourceTree = "<group>"; };
		EAB20C80266936F70056C97D /* FlashCards_Remade.entitlements */ = {isa = PBXFileReference; lastKnownFileType = text.plist.entitlements; path = FlashCards_Remade.entitlements; sourceTree = "<group>"; };
		EAB20C82266941270056C97D /* DeckNameTableViewCell.swift */ = {isa = PBXFileReference; lastKnownFileType = sourcecode.swift; path = DeckNameTableViewCell.swift; sourceTree = "<group>"; };
		EAB5C49E26718F510031E716 /* PostTableViewCell.swift */ = {isa = PBXFileReference; lastKnownFileType = sourcecode.swift; path = PostTableViewCell.swift; sourceTree = "<group>"; };
		EAB5C4A226726F9D0031E716 /* SubredditController.swift */ = {isa = PBXFileReference; lastKnownFileType = sourcecode.swift; path = SubredditController.swift; sourceTree = "<group>"; };
		EAB5C4A72672AD870031E716 /* TimerTableViewController.swift */ = {isa = PBXFileReference; lastKnownFileType = sourcecode.swift; path = TimerTableViewController.swift; sourceTree = "<group>"; };
		EABB0C552827655E00B22FC4 /* FeedTableViewController.swift */ = {isa = PBXFileReference; lastKnownFileType = sourcecode.swift; path = FeedTableViewController.swift; sourceTree = "<group>"; };
		EABB0C59282769DC00B22FC4 /* FeedTableViewCell.swift */ = {isa = PBXFileReference; lastKnownFileType = sourcecode.swift; path = FeedTableViewCell.swift; sourceTree = "<group>"; };
/* End PBXFileReference section */

/* Begin PBXFrameworksBuildPhase section */
		EAB20C30266811FD0056C97D /* Frameworks */ = {
			isa = PBXFrameworksBuildPhase;
			buildActionMask = 2147483647;
			files = (
				EAC3B1D7282DDC8000204C7C /* Algorithms in Frameworks */,
				EAB7265E26AA072000C68F25 /* CloudKit.framework in Frameworks */,
				CD73D805291452AB251EFEBE /* Pods_FlashCards_Remade.framework in Frameworks */,
			);
			runOnlyForDeploymentPostprocessing = 0;
		};
/* End PBXFrameworksBuildPhase section */

/* Begin PBXGroup section */
		375CD2B02B0DC2642263E1FA /* Pods */ = {
			isa = PBXGroup;
			children = (
				D5D6E4AE86E3BDC3AD43C3D4 /* Pods-FlashCards_Remade.debug.xcconfig */,
				10F345E16FB6C165A63CFC5B /* Pods-FlashCards_Remade.release.xcconfig */,
			);
			path = Pods;
			sourceTree = "<group>";
		};
		EAB20C2A266811FD0056C97D = {
			isa = PBXGroup;
			children = (
				EAB20C35266811FD0056C97D /* FlashCards_Remade */,
				EAB20C34266811FD0056C97D /* Products */,
				EAB20C4C2668121C0056C97D /* Frameworks */,
				375CD2B02B0DC2642263E1FA /* Pods */,
			);
			sourceTree = "<group>";
		};
		EAB20C34266811FD0056C97D /* Products */ = {
			isa = PBXGroup;
			children = (
				EAB20C33266811FD0056C97D /* FlashCards_Remade.app */,
			);
			name = Products;
			sourceTree = "<group>";
		};
		EAB20C35266811FD0056C97D /* FlashCards_Remade */ = {
			isa = PBXGroup;
			children = (
				EAB20C57266812750056C97D /* Models */,
				EAB20C542668125D0056C97D /* Controllers */,
				EAB20C512668124A0056C97D /* Views */,
				EAB20C6726681C170056C97D /* Helpers */,
				EAB20C4F266812410056C97D /* Resources */,
			);
			path = FlashCards_Remade;
			sourceTree = "<group>";
		};
		EAB20C4C2668121C0056C97D /* Frameworks */ = {
			isa = PBXGroup;
			children = (
				EAB20C4D2668121C0056C97D /* CloudKit.framework */,
				1852EE6B5E8B8DD1F4DE7DDC /* Pods_FlashCards_Remade.framework */,
			);
			name = Frameworks;
			sourceTree = "<group>";
		};
		EAB20C4F266812410056C97D /* Resources */ = {
			isa = PBXGroup;
			children = (
				EAB20C80266936F70056C97D /* FlashCards_Remade.entitlements */,
				EAB20C36266811FD0056C97D /* AppDelegate.swift */,
				EAB20C38266811FD0056C97D /* SceneDelegate.swift */,
				EAB20C3F266811FF0056C97D /* Assets.xcassets */,
				EAB20C44266811FF0056C97D /* Info.plist */,
			);
			path = Resources;
			sourceTree = "<group>";
		};
		EAB20C512668124A0056C97D /* Views */ = {
			isa = PBXGroup;
			children = (
				EAB20C53266812570056C97D /* Custom Views */,
				EAB20C522668124F0056C97D /* Storyboard */,
			);
			path = Views;
			sourceTree = "<group>";
		};
		EAB20C522668124F0056C97D /* Storyboard */ = {
			isa = PBXGroup;
			children = (
				EAB20C3C266811FD0056C97D /* Main.storyboard */,
				EAB20C41266811FF0056C97D /* LaunchScreen.storyboard */,
			);
			path = Storyboard;
			sourceTree = "<group>";
		};
		EAB20C53266812570056C97D /* Custom Views */ = {
			isa = PBXGroup;
			children = (
				EAB20C82266941270056C97D /* DeckNameTableViewCell.swift */,
				EA870A61266EAAB3005809AD /* SubredditTableViewCell.swift */,
				EAB5C49E26718F510031E716 /* PostTableViewCell.swift */,
				EABB0C59282769DC00B22FC4 /* FeedTableViewCell.swift */,
			);
			path = "Custom Views";
			sourceTree = "<group>";
		};
		EAB20C542668125D0056C97D /* Controllers */ = {
			isa = PBXGroup;
			children = (
				EAB20C562668126D0056C97D /* Model Controllers */,
				EAB20C55266812630056C97D /* View Controllers */,
			);
			path = Controllers;
			sourceTree = "<group>";
		};
		EAB20C55266812630056C97D /* View Controllers */ = {
			isa = PBXGroup;
			children = (
				EAB20C6C266822A50056C97D /* CreateCardsViewController.swift */,
				EAB20C7426682D440056C97D /* DeckListTableViewController.swift */,
				EAB20C7A26682D7E0056C97D /* FlashCardViewController.swift */,
				EA870A75266EDE70005809AD /* SubredditTableViewController.swift */,
				EAB5C4A72672AD870031E716 /* TimerTableViewController.swift */,
				EA1067142673D12B0071C491 /* BreakTimerViewController.swift */,
				EA20BCF926750AB80057705D /* PostFeedViewController.swift */,
				EABB0C552827655E00B22FC4 /* FeedTableViewController.swift */,
			);
			path = "View Controllers";
			sourceTree = "<group>";
		};
		EAB20C562668126D0056C97D /* Model Controllers */ = {
			isa = PBXGroup;
			children = (
				EAB20C63266818000056C97D /* CardController.swift */,
				EA870A57266E8FAE005809AD /* PostController.swift */,
				EAB5C4A226726F9D0031E716 /* SubredditController.swift */,
			);
			path = "Model Controllers";
			sourceTree = "<group>";
		};
		EAB20C57266812750056C97D /* Models */ = {
			isa = PBXGroup;
			children = (
				EAB20C5D266813A40056C97D /* Card.swift */,
				EA870A54266E8F5B005809AD /* Post.swift */,
				EA870A5E266E9931005809AD /* Subreddit.swift */,
			);
			path = Models;
			sourceTree = "<group>";
		};
		EAB20C6726681C170056C97D /* Helpers */ = {
			isa = PBXGroup;
			children = (
				EAB20C6826681C650056C97D /* CardError.swift */,
				EA870A5A266E9625005809AD /* PostError.swift */,
				EA1067172673E4200071C491 /* Style.swift */,
			);
			path = Helpers;
			sourceTree = "<group>";
		};
/* End PBXGroup section */

/* Begin PBXNativeTarget section */
		EAB20C32266811FD0056C97D /* FlashCards_Remade */ = {
			isa = PBXNativeTarget;
			buildConfigurationList = EAB20C47266811FF0056C97D /* Build configuration list for PBXNativeTarget "FlashCards_Remade" */;
			buildPhases = (
				E9EE8DEC7DBA7009485F1CB4 /* [CP] Check Pods Manifest.lock */,
				EAB20C2F266811FD0056C97D /* Sources */,
				EAB20C30266811FD0056C97D /* Frameworks */,
				EAB20C31266811FD0056C97D /* Resources */,
				4C4AA67DB043169F67E85EEE /* [CP] Embed Pods Frameworks */,
			);
			buildRules = (
			);
			dependencies = (
			);
			name = FlashCards_Remade;
			packageProductDependencies = (
				EAC3B1D6282DDC8000204C7C /* Algorithms */,
			);
			productName = FlashCards_Remade;
			productReference = EAB20C33266811FD0056C97D /* FlashCards_Remade.app */;
			productType = "com.apple.product-type.application";
		};
/* End PBXNativeTarget section */

/* Begin PBXProject section */
		EAB20C2B266811FD0056C97D /* Project object */ = {
			isa = PBXProject;
			attributes = {
				LastSwiftUpdateCheck = 1240;
				LastUpgradeCheck = 1240;
				TargetAttributes = {
					EAB20C32266811FD0056C97D = {
						CreatedOnToolsVersion = 12.4;
					};
				};
			};
			buildConfigurationList = EAB20C2E266811FD0056C97D /* Build configuration list for PBXProject "FlashCards_Remade" */;
			compatibilityVersion = "Xcode 9.3";
			developmentRegion = en;
			hasScannedForEncodings = 0;
			knownRegions = (
				en,
				Base,
			);
			mainGroup = EAB20C2A266811FD0056C97D;
			packageReferences = (
				EAC3B1D5282DDC8000204C7C /* XCRemoteSwiftPackageReference "swift-algorithms" */,
			);
			productRefGroup = EAB20C34266811FD0056C97D /* Products */;
			projectDirPath = "";
			projectRoot = "";
			targets = (
				EAB20C32266811FD0056C97D /* FlashCards_Remade */,
			);
		};
/* End PBXProject section */

/* Begin PBXResourcesBuildPhase section */
		EAB20C31266811FD0056C97D /* Resources */ = {
			isa = PBXResourcesBuildPhase;
			buildActionMask = 2147483647;
			files = (
				EAB20C43266811FF0056C97D /* LaunchScreen.storyboard in Resources */,
				EAB20C40266811FF0056C97D /* Assets.xcassets in Resources */,
				EAB20C3E266811FD0056C97D /* Main.storyboard in Resources */,
			);
			runOnlyForDeploymentPostprocessing = 0;
		};
/* End PBXResourcesBuildPhase section */

/* Begin PBXShellScriptBuildPhase section */
		4C4AA67DB043169F67E85EEE /* [CP] Embed Pods Frameworks */ = {
			isa = PBXShellScriptBuildPhase;
			buildActionMask = 2147483647;
			files = (
			);
			inputFileListPaths = (
				"${PODS_ROOT}/Target Support Files/Pods-FlashCards_Remade/Pods-FlashCards_Remade-frameworks-${CONFIGURATION}-input-files.xcfilelist",
			);
			name = "[CP] Embed Pods Frameworks";
			outputFileListPaths = (
				"${PODS_ROOT}/Target Support Files/Pods-FlashCards_Remade/Pods-FlashCards_Remade-frameworks-${CONFIGURATION}-output-files.xcfilelist",
			);
			runOnlyForDeploymentPostprocessing = 0;
			shellPath = /bin/sh;
			shellScript = "\"${PODS_ROOT}/Target Support Files/Pods-FlashCards_Remade/Pods-FlashCards_Remade-frameworks.sh\"\n";
			showEnvVarsInLog = 0;
		};
		E9EE8DEC7DBA7009485F1CB4 /* [CP] Check Pods Manifest.lock */ = {
			isa = PBXShellScriptBuildPhase;
			buildActionMask = 2147483647;
			files = (
			);
			inputFileListPaths = (
			);
			inputPaths = (
				"${PODS_PODFILE_DIR_PATH}/Podfile.lock",
				"${PODS_ROOT}/Manifest.lock",
			);
			name = "[CP] Check Pods Manifest.lock";
			outputFileListPaths = (
			);
			outputPaths = (
				"$(DERIVED_FILE_DIR)/Pods-FlashCards_Remade-checkManifestLockResult.txt",
			);
			runOnlyForDeploymentPostprocessing = 0;
			shellPath = /bin/sh;
			shellScript = "diff \"${PODS_PODFILE_DIR_PATH}/Podfile.lock\" \"${PODS_ROOT}/Manifest.lock\" > /dev/null\nif [ $? != 0 ] ; then\n    # print error to STDERR\n    echo \"error: The sandbox is not in sync with the Podfile.lock. Run 'pod install' or update your CocoaPods installation.\" >&2\n    exit 1\nfi\n# This output is used by Xcode 'outputs' to avoid re-running this script phase.\necho \"SUCCESS\" > \"${SCRIPT_OUTPUT_FILE_0}\"\n";
			showEnvVarsInLog = 0;
		};
/* End PBXShellScriptBuildPhase section */

/* Begin PBXSourcesBuildPhase section */
		EAB20C2F266811FD0056C97D /* Sources */ = {
			isa = PBXSourcesBuildPhase;
			buildActionMask = 2147483647;
			files = (
				EA870A76266EDE70005809AD /* SubredditTableViewController.swift in Sources */,
				EAB20C64266818000056C97D /* CardController.swift in Sources */,
				EABB0C5A282769DC00B22FC4 /* FeedTableViewCell.swift in Sources */,
				EAB5C49F26718F510031E716 /* PostTableViewCell.swift in Sources */,
				EA20BCFA26750AB80057705D /* PostFeedViewController.swift in Sources */,
				EAB20C7526682D440056C97D /* DeckListTableViewController.swift in Sources */,
				EAB5C4A82672AD880031E716 /* TimerTableViewController.swift in Sources */,
				EA870A58266E8FAE005809AD /* PostController.swift in Sources */,
				EAB20C7B26682D7E0056C97D /* FlashCardViewController.swift in Sources */,
				EAB20C37266811FD0056C97D /* AppDelegate.swift in Sources */,
				EA870A5F266E9931005809AD /* Subreddit.swift in Sources */,
				EAB20C5E266813A40056C97D /* Card.swift in Sources */,
				EA1067152673D12B0071C491 /* BreakTimerViewController.swift in Sources */,
				EA870A5B266E9625005809AD /* PostError.swift in Sources */,
				EABB0C562827655E00B22FC4 /* FeedTableViewController.swift in Sources */,
				EAB20C6926681C650056C97D /* CardError.swift in Sources */,
				EAB5C4A326726F9D0031E716 /* SubredditController.swift in Sources */,
				EAB20C83266941270056C97D /* DeckNameTableViewCell.swift in Sources */,
				EA870A62266EAAB3005809AD /* SubredditTableViewCell.swift in Sources */,
				EA870A55266E8F5B005809AD /* Post.swift in Sources */,
				EAB20C6D266822A50056C97D /* CreateCardsViewController.swift in Sources */,
				EAB20C39266811FD0056C97D /* SceneDelegate.swift in Sources */,
				EA1067182673E4200071C491 /* Style.swift in Sources */,
			);
			runOnlyForDeploymentPostprocessing = 0;
		};
/* End PBXSourcesBuildPhase section */

/* Begin PBXVariantGroup section */
		EAB20C3C266811FD0056C97D /* Main.storyboard */ = {
			isa = PBXVariantGroup;
			children = (
				EAB20C3D266811FD0056C97D /* Base */,
			);
			name = Main.storyboard;
			sourceTree = "<group>";
		};
		EAB20C41266811FF0056C97D /* LaunchScreen.storyboard */ = {
			isa = PBXVariantGroup;
			children = (
				EAB20C42266811FF0056C97D /* Base */,
			);
			name = LaunchScreen.storyboard;
			sourceTree = "<group>";
		};
/* End PBXVariantGroup section */

/* Begin XCBuildConfiguration section */
		EAB20C45266811FF0056C97D /* Debug */ = {
			isa = XCBuildConfiguration;
			buildSettings = {
				ALWAYS_SEARCH_USER_PATHS = NO;
				CLANG_ANALYZER_NONNULL = YES;
				CLANG_ANALYZER_NUMBER_OBJECT_CONVERSION = YES_AGGRESSIVE;
				CLANG_CXX_LANGUAGE_STANDARD = "gnu++14";
				CLANG_CXX_LIBRARY = "libc++";
				CLANG_ENABLE_MODULES = YES;
				CLANG_ENABLE_OBJC_ARC = YES;
				CLANG_ENABLE_OBJC_WEAK = YES;
				CLANG_WARN_BLOCK_CAPTURE_AUTORELEASING = YES;
				CLANG_WARN_BOOL_CONVERSION = YES;
				CLANG_WARN_COMMA = YES;
				CLANG_WARN_CONSTANT_CONVERSION = YES;
				CLANG_WARN_DEPRECATED_OBJC_IMPLEMENTATIONS = YES;
				CLANG_WARN_DIRECT_OBJC_ISA_USAGE = YES_ERROR;
				CLANG_WARN_DOCUMENTATION_COMMENTS = YES;
				CLANG_WARN_EMPTY_BODY = YES;
				CLANG_WARN_ENUM_CONVERSION = YES;
				CLANG_WARN_INFINITE_RECURSION = YES;
				CLANG_WARN_INT_CONVERSION = YES;
				CLANG_WARN_NON_LITERAL_NULL_CONVERSION = YES;
				CLANG_WARN_OBJC_IMPLICIT_RETAIN_SELF = YES;
				CLANG_WARN_OBJC_LITERAL_CONVERSION = YES;
				CLANG_WARN_OBJC_ROOT_CLASS = YES_ERROR;
				CLANG_WARN_QUOTED_INCLUDE_IN_FRAMEWORK_HEADER = YES;
				CLANG_WARN_RANGE_LOOP_ANALYSIS = YES;
				CLANG_WARN_STRICT_PROTOTYPES = YES;
				CLANG_WARN_SUSPICIOUS_MOVE = YES;
				CLANG_WARN_UNGUARDED_AVAILABILITY = YES_AGGRESSIVE;
				CLANG_WARN_UNREACHABLE_CODE = YES;
				CLANG_WARN__DUPLICATE_METHOD_MATCH = YES;
				COPY_PHASE_STRIP = NO;
				DEBUG_INFORMATION_FORMAT = dwarf;
				ENABLE_STRICT_OBJC_MSGSEND = YES;
				ENABLE_TESTABILITY = YES;
				GCC_C_LANGUAGE_STANDARD = gnu11;
				GCC_DYNAMIC_NO_PIC = NO;
				GCC_NO_COMMON_BLOCKS = YES;
				GCC_OPTIMIZATION_LEVEL = 0;
				GCC_PREPROCESSOR_DEFINITIONS = (
					"DEBUG=1",
					"$(inherited)",
				);
				GCC_WARN_64_TO_32_BIT_CONVERSION = YES;
				GCC_WARN_ABOUT_RETURN_TYPE = YES_ERROR;
				GCC_WARN_UNDECLARED_SELECTOR = YES;
				GCC_WARN_UNINITIALIZED_AUTOS = YES_AGGRESSIVE;
				GCC_WARN_UNUSED_FUNCTION = YES;
				GCC_WARN_UNUSED_VARIABLE = YES;
				IPHONEOS_DEPLOYMENT_TARGET = 14.5;
				MTL_ENABLE_DEBUG_INFO = INCLUDE_SOURCE;
				MTL_FAST_MATH = YES;
				ONLY_ACTIVE_ARCH = YES;
				SDKROOT = iphoneos;
				SWIFT_ACTIVE_COMPILATION_CONDITIONS = DEBUG;
				SWIFT_OPTIMIZATION_LEVEL = "-Onone";
			};
			name = Debug;
		};
		EAB20C46266811FF0056C97D /* Release */ = {
			isa = XCBuildConfiguration;
			buildSettings = {
				ALWAYS_SEARCH_USER_PATHS = NO;
				CLANG_ANALYZER_NONNULL = YES;
				CLANG_ANALYZER_NUMBER_OBJECT_CONVERSION = YES_AGGRESSIVE;
				CLANG_CXX_LANGUAGE_STANDARD = "gnu++14";
				CLANG_CXX_LIBRARY = "libc++";
				CLANG_ENABLE_MODULES = YES;
				CLANG_ENABLE_OBJC_ARC = YES;
				CLANG_ENABLE_OBJC_WEAK = YES;
				CLANG_WARN_BLOCK_CAPTURE_AUTORELEASING = YES;
				CLANG_WARN_BOOL_CONVERSION = YES;
				CLANG_WARN_COMMA = YES;
				CLANG_WARN_CONSTANT_CONVERSION = YES;
				CLANG_WARN_DEPRECATED_OBJC_IMPLEMENTATIONS = YES;
				CLANG_WARN_DIRECT_OBJC_ISA_USAGE = YES_ERROR;
				CLANG_WARN_DOCUMENTATION_COMMENTS = YES;
				CLANG_WARN_EMPTY_BODY = YES;
				CLANG_WARN_ENUM_CONVERSION = YES;
				CLANG_WARN_INFINITE_RECURSION = YES;
				CLANG_WARN_INT_CONVERSION = YES;
				CLANG_WARN_NON_LITERAL_NULL_CONVERSION = YES;
				CLANG_WARN_OBJC_IMPLICIT_RETAIN_SELF = YES;
				CLANG_WARN_OBJC_LITERAL_CONVERSION = YES;
				CLANG_WARN_OBJC_ROOT_CLASS = YES_ERROR;
				CLANG_WARN_QUOTED_INCLUDE_IN_FRAMEWORK_HEADER = YES;
				CLANG_WARN_RANGE_LOOP_ANALYSIS = YES;
				CLANG_WARN_STRICT_PROTOTYPES = YES;
				CLANG_WARN_SUSPICIOUS_MOVE = YES;
				CLANG_WARN_UNGUARDED_AVAILABILITY = YES_AGGRESSIVE;
				CLANG_WARN_UNREACHABLE_CODE = YES;
				CLANG_WARN__DUPLICATE_METHOD_MATCH = YES;
				COPY_PHASE_STRIP = NO;
				DEBUG_INFORMATION_FORMAT = "dwarf-with-dsym";
				ENABLE_NS_ASSERTIONS = NO;
				ENABLE_STRICT_OBJC_MSGSEND = YES;
				GCC_C_LANGUAGE_STANDARD = gnu11;
				GCC_NO_COMMON_BLOCKS = YES;
				GCC_WARN_64_TO_32_BIT_CONVERSION = YES;
				GCC_WARN_ABOUT_RETURN_TYPE = YES_ERROR;
				GCC_WARN_UNDECLARED_SELECTOR = YES;
				GCC_WARN_UNINITIALIZED_AUTOS = YES_AGGRESSIVE;
				GCC_WARN_UNUSED_FUNCTION = YES;
				GCC_WARN_UNUSED_VARIABLE = YES;
				IPHONEOS_DEPLOYMENT_TARGET = 14.5;
				MTL_ENABLE_DEBUG_INFO = NO;
				MTL_FAST_MATH = YES;
				SDKROOT = iphoneos;
				SWIFT_COMPILATION_MODE = wholemodule;
				SWIFT_OPTIMIZATION_LEVEL = "-O";
				VALIDATE_PRODUCT = YES;
			};
			name = Release;
		};
		EAB20C48266811FF0056C97D /* Debug */ = {
			isa = XCBuildConfiguration;
			baseConfigurationReference = D5D6E4AE86E3BDC3AD43C3D4 /* Pods-FlashCards_Remade.debug.xcconfig */;
			buildSettings = {
				ASSETCATALOG_COMPILER_APPICON_NAME = AppIcon;
				ASSETCATALOG_COMPILER_GLOBAL_ACCENT_COLOR_NAME = AccentColor;
				CODE_SIGN_ENTITLEMENTS = FlashCards_Remade/Resources/FlashCards_Remade.entitlements;
				CODE_SIGN_STYLE = Automatic;
				CURRENT_PROJECT_VERSION = 2;
				DEVELOPMENT_TEAM = SP8PT7VLP6;
				INFOPLIST_FILE = FlashCards_Remade/Resources/Info.plist;
				LD_RUNPATH_SEARCH_PATHS = (
					"$(inherited)",
					"@executable_path/Frameworks",
				);
				MARKETING_VERSION = 1.3;
				PRODUCT_BUNDLE_IDENTIFIER = "com.GavinWoffinden.FlashCards-Remade";
				PRODUCT_NAME = "$(TARGET_NAME)";
				SWIFT_VERSION = 5.0;
				TARGETED_DEVICE_FAMILY = "1,2";
			};
			name = Debug;
		};
		EAB20C49266811FF0056C97D /* Release */ = {
			isa = XCBuildConfiguration;
			baseConfigurationReference = 10F345E16FB6C165A63CFC5B /* Pods-FlashCards_Remade.release.xcconfig */;
			buildSettings = {
				ASSETCATALOG_COMPILER_APPICON_NAME = AppIcon;
				ASSETCATALOG_COMPILER_GLOBAL_ACCENT_COLOR_NAME = AccentColor;
				CODE_SIGN_ENTITLEMENTS = FlashCards_Remade/Resources/FlashCards_Remade.entitlements;
				CODE_SIGN_STYLE = Automatic;
				CURRENT_PROJECT_VERSION = 2;
				DEVELOPMENT_TEAM = SP8PT7VLP6;
				INFOPLIST_FILE = FlashCards_Remade/Resources/Info.plist;
				LD_RUNPATH_SEARCH_PATHS = (
					"$(inherited)",
					"@executable_path/Frameworks",
				);
				MARKETING_VERSION = 1.3;
				PRODUCT_BUNDLE_IDENTIFIER = "com.GavinWoffinden.FlashCards-Remade";
				PRODUCT_NAME = "$(TARGET_NAME)";
				SWIFT_VERSION = 5.0;
				TARGETED_DEVICE_FAMILY = "1,2";
			};
			name = Release;
		};
/* End XCBuildConfiguration section */

/* Begin XCConfigurationList section */
		EAB20C2E266811FD0056C97D /* Build configuration list for PBXProject "FlashCards_Remade" */ = {
			isa = XCConfigurationList;
			buildConfigurations = (
				EAB20C45266811FF0056C97D /* Debug */,
				EAB20C46266811FF0056C97D /* Release */,
			);
			defaultConfigurationIsVisible = 0;
			defaultConfigurationName = Release;
		};
		EAB20C47266811FF0056C97D /* Build configuration list for PBXNativeTarget "FlashCards_Remade" */ = {
			isa = XCConfigurationList;
			buildConfigurations = (
				EAB20C48266811FF0056C97D /* Debug */,
				EAB20C49266811FF0056C97D /* Release */,
			);
			defaultConfigurationIsVisible = 0;
			defaultConfigurationName = Release;
		};
/* End XCConfigurationList section */

/* Begin XCRemoteSwiftPackageReference section */
		EAC3B1D5282DDC8000204C7C /* XCRemoteSwiftPackageReference "swift-algorithms" */ = {
			isa = XCRemoteSwiftPackageReference;
			repositoryURL = "https://github.com/apple/swift-algorithms.git";
			requirement = {
				kind = upToNextMajorVersion;
				minimumVersion = 1.0.0;
			};
		};
/* End XCRemoteSwiftPackageReference section */

/* Begin XCSwiftPackageProductDependency section */
		EAC3B1D6282DDC8000204C7C /* Algorithms */ = {
			isa = XCSwiftPackageProductDependency;
			package = EAC3B1D5282DDC8000204C7C /* XCRemoteSwiftPackageReference "swift-algorithms" */;
			productName = Algorithms;
		};
/* End XCSwiftPackageProductDependency section */
	};
	rootObject = EAB20C2B266811FD0056C97D /* Project object */;
}
